
Microsoft Visual Studio Solution File, Format Version 12.00
# Visual Studio Version 16
VisualStudioVersion = 16.0.31410.357
MinimumVisualStudioVersion = 10.0.40219.1
Project("{FAE04EC0-301F-11D3-BF4B-00C04F79EFBC}") = "Notepad", "Notepad\Notepad.csproj", "{BC581635-EEBC-4602-8DC8-F54DD186B9F9}"
EndProject
Global
	GlobalSection(SolutionConfigurationPlatforms) = preSolution
		Debug|Any CPU = Debug|Any CPU
		Release|Any CPU = Release|Any CPU
	EndGlobalSection
	GlobalSection(ProjectConfigurationPlatforms) = postSolution
		{BC581635-EEBC-4602-8DC8-F54DD186B9F9}.Debug|Any CPU.ActiveCfg = Debug|Any CPU
		{BC581635-EEBC-4602-8DC8-F54DD186B9F9}.Debug|Any CPU.Build.0 = Debug|Any CPU
		{BC581635-EEBC-4602-8DC8-F54DD186B9F9}.Release|Any CPU.ActiveCfg = Release|Any CPU
		{BC581635-EEBC-4602-8DC8-F54DD186B9F9}.Release|Any CPU.Build.0 = Release|Any CPU
	EndGlobalSection
	GlobalSection(SolutionProperties) = preSolution
		HideSolutionNode = FALSE
	EndGlobalSection
	GlobalSection(ExtensibilityGlobals) = postSolution
		SolutionGuid = {FB560E80-1100-48C4-9516-1BB9D3874D95}
	EndGlobalSection
EndGlobal
